
Microsoft Visual Studio Solution File, Format Version 12.00
# Visual Studio 15
VisualStudioVersion = 15.0.27130.2024
MinimumVisualStudioVersion = 10.0.40219.1
Project("{FAE04EC0-301F-11D3-BF4B-00C04F79EFBC}") = "Exercicio1", "Exercicio1\Exercicio1.csproj", "{37BC8689-50BA-43E5-A86B-3E4EEE6CB572}"
EndProject
Project("{FAE04EC0-301F-11D3-BF4B-00C04F79EFBC}") = "TestTryParse", "TestTryParse\TestTryParse.csproj", "{2C06053C-F227-46AF-A24F-C1DFC1C24A6B}"
EndProject
Global
	GlobalSection(SolutionConfigurationPlatforms) = preSolution
		Debug|Any CPU = Debug|Any CPU
		Release|Any CPU = Release|Any CPU
	EndGlobalSection
	GlobalSection(ProjectConfigurationPlatforms) = postSolution
		{37BC8689-50BA-43E5-A86B-3E4EEE6CB572}.Debug|Any CPU.ActiveCfg = Debug|Any CPU
		{37BC8689-50BA-43E5-A86B-3E4EEE6CB572}.Debug|Any CPU.Build.0 = Debug|Any CPU
		{37BC8689-50BA-43E5-A86B-3E4EEE6CB572}.Release|Any CPU.ActiveCfg = Release|Any CPU
		{37BC8689-50BA-43E5-A86B-3E4EEE6CB572}.Release|Any CPU.Build.0 = Release|Any CPU
		{2C06053C-F227-46AF-A24F-C1DFC1C24A6B}.Debug|Any CPU.ActiveCfg = Debug|Any CPU
		{2C06053C-F227-46AF-A24F-C1DFC1C24A6B}.Debug|Any CPU.Build.0 = Debug|Any CPU
		{2C06053C-F227-46AF-A24F-C1DFC1C24A6B}.Release|Any CPU.ActiveCfg = Release|Any CPU
		{2C06053C-F227-46AF-A24F-C1DFC1C24A6B}.Release|Any CPU.Build.0 = Release|Any CPU
	EndGlobalSection
	GlobalSection(SolutionProperties) = preSolution
		HideSolutionNode = FALSE
	EndGlobalSection
	GlobalSection(ExtensibilityGlobals) = postSolution
		SolutionGuid = {0902F70E-52CF-431F-B8B3-4B737AE7652D}
	EndGlobalSection
EndGlobal
